// !$*UTF8*$!
{
	archiveVersion = 1;
	classes = {
	};
	objectVersion = 46;
	objects = {

/* Begin PBXBuildFile section */
		496AB4781D911C09004FC203 /* main.m in Sources */ = {isa = PBXBuildFile; fileRef = 496AB4771D911C09004FC203 /* main.m */; };
		496AB47B1D911C09004FC203 /* AppDelegate.m in Sources */ = {isa = PBXBuildFile; fileRef = 496AB47A1D911C09004FC203 /* AppDelegate.m */; };
		496AB47E1D911C09004FC203 /* ViewController.m in Sources */ = {isa = PBXBuildFile; fileRef = 496AB47D1D911C09004FC203 /* ViewController.m */; };
		496AB4811D911C09004FC203 /* Main.storyboard in Resources */ = {isa = PBXBuildFile; fileRef = 496AB47F1D911C09004FC203 /* Main.storyboard */; };
		496AB4831D911C09004FC203 /* Assets.xcassets in Resources */ = {isa = PBXBuildFile; fileRef = 496AB4821D911C09004FC203 /* Assets.xcassets */; };
		496AB4861D911C09004FC203 /* LaunchScreen.storyboard in Resources */ = {isa = PBXBuildFile; fileRef = 496AB4841D911C09004FC203 /* LaunchScreen.storyboard */; };
		496AB4901D911C92004FC203 /* BaseModel.m in Sources */ = {isa = PBXBuildFile; fileRef = 496AB48F1D911C92004FC203 /* BaseModel.m */; };
/* End PBXBuildFile section */

/* Begin PBXFileReference section */
		496AB4731D911C09004FC203 /* SynxTest.app */ = {isa = PBXFileReference; explicitFileType = wrapper.application; includeInIndex = 0; path = SynxTest.app; sourceTree = BUILT_PRODUCTS_DIR; };
		496AB4771D911C09004FC203 /* main.m */ = {isa = PBXFileReference; lastKnownFileType = sourcecode.c.objc; path = main.m; sourceTree = "<group>"; };
		496AB4791D911C09004FC203 /* AppDelegate.h */ = {isa = PBXFileReference; lastKnownFileType = sourcecode.c.h; path = AppDelegate.h; sourceTree = "<group>"; };
		496AB47A1D911C09004FC203 /* AppDelegate.m */ = {isa = PBXFileReference; lastKnownFileType = sourcecode.c.objc; path = AppDelegate.m; sourceTree = "<group>"; };
		496AB47C1D911C09004FC203 /* ViewController.h */ = {isa = PBXFileReference; lastKnownFileType = sourcecode.c.h; path = ViewController.h; sourceTree = "<group>"; };
		496AB47D1D911C09004FC203 /* ViewController.m */ = {isa = PBXFileReference; lastKnownFileType = sourcecode.c.objc; path = ViewController.m; sourceTree = "<group>"; };
		496AB4801D911C09004FC203 /* Base */ = {isa = PBXFileReference; lastKnownFileType = file.storyboard; name = Base; path = Base.lproj/Main.storyboard; sourceTree = "<group>"; };
		496AB4821D911C09004FC203 /* Assets.xcassets */ = {isa = PBXFileReference; lastKnownFileType = folder.assetcatalog; path = Assets.xcassets; sourceTree = "<group>"; };
		496AB4851D911C09004FC203 /* Base */ = {isa = PBXFileReference; lastKnownFileType = file.storyboard; name = Base; path = Base.lproj/LaunchScreen.storyboard; sourceTree = "<group>"; };
		496AB4871D911C09004FC203 /* Info.plist */ = {isa = PBXFileReference; lastKnownFileType = text.plist.xml; path = Info.plist; sourceTree = "<group>"; };
		496AB48E1D911C92004FC203 /* BaseModel.h */ = {isa = PBXFileReference; fileEncoding = 4; lastKnownFileType = sourcecode.c.h; path = BaseModel.h; sourceTree = "<group>"; };
		496AB48F1D911C92004FC203 /* BaseModel.m */ = {isa = PBXFileReference; fileEncoding = 4; lastKnownFileType = sourcecode.c.objc; path = BaseModel.m; sourceTree = "<group>"; };
/* End PBXFileReference section */

/* Begin PBXFrameworksBuildPhase section */
		496AB4701D911C09004FC203 /* Frameworks */ = {
			isa = PBXFrameworksBuildPhase;
			buildActionMask = 2147483647;
			files = (
			);
			runOnlyForDeploymentPostprocessing = 0;
		};
/* End PBXFrameworksBuildPhase section */

/* Begin PBXGroup section */
		496AB46A1D911C09004FC203 = {
			isa = PBXGroup;
			children = (
				496AB4741D911C09004FC203 /* Products */,
				496AB4751D911C09004FC203 /* SynxTest */,
			);
			sourceTree = "<group>";
		};
		496AB4741D911C09004FC203 /* Products */ = {
			isa = PBXGroup;
			children = (
				496AB4731D911C09004FC203 /* SynxTest.app */,
			);
			name = Products;
			sourceTree = "<group>";
		};
		496AB4751D911C09004FC203 /* SynxTest */ = {
			isa = PBXGroup;
			children = (
				496AB4911D911CC0004FC203 /* Haha */,
				496AB4761D911C09004FC203 /* Supporting Files */,
				496AB48D1D911C1E004FC203 /* tiantian */,
				496AB4791D911C09004FC203 /* AppDelegate.h */,
				496AB47A1D911C09004FC203 /* AppDelegate.m */,
				496AB4821D911C09004FC203 /* Assets.xcassets */,
				496AB4871D911C09004FC203 /* Info.plist */,
				496AB4841D911C09004FC203 /* LaunchScreen.storyboard */,
				496AB47F1D911C09004FC203 /* Main.storyboard */,
				496AB47C1D911C09004FC203 /* ViewController.h */,
				496AB47D1D911C09004FC203 /* ViewController.m */,
			);
			path = SynxTest;
			sourceTree = "<group>";
		};
		496AB4761D911C09004FC203 /* Supporting Files */ = {
			isa = PBXGroup;
			children = (
				496AB4771D911C09004FC203 /* main.m */,
			);
			path = "Supporting Files";
			sourceTree = "<group>";
		};
		496AB48D1D911C1E004FC203 /* tiantian */ = {
			isa = PBXGroup;
			children = (
				496AB48E1D911C92004FC203 /* BaseModel.h */,
				496AB48F1D911C92004FC203 /* BaseModel.m */,
			);
			path = tiantian;
			sourceTree = "<group>";
		};
		496AB4911D911CC0004FC203 /* Haha */ = {
			isa = PBXGroup;
			children = (
			);
			path = Haha;
			sourceTree = "<group>";
		};
/* End PBXGroup section */

/* Begin PBXNativeTarget section */
		496AB4721D911C09004FC203 /* SynxTest */ = {
			isa = PBXNativeTarget;
			buildConfigurationList = 496AB48A1D911C09004FC203 /* Build configuration list for PBXNativeTarget "SynxTest" */;
			buildPhases = (
				496AB46F1D911C09004FC203 /* Sources */,
				496AB4701D911C09004FC203 /* Frameworks */,
				496AB4711D911C09004FC203 /* Resources */,
			);
			buildRules = (
			);
			dependencies = (
			);
			name = SynxTest;
			productName = SynxTest;
			productReference = 496AB4731D911C09004FC203 /* SynxTest.app */;
			productType = "com.apple.product-type.application";
		};
/* End PBXNativeTarget section */

/* Begin PBXProject section */
		496AB46B1D911C09004FC203 /* Project object */ = {
			isa = PBXProject;
			attributes = {
				LastUpgradeCheck = 0710;
				ORGANIZATIONNAME = dllo;
				TargetAttributes = {
					496AB4721D911C09004FC203 = {
						CreatedOnToolsVersion = 7.1;
					};
				};
			};
			buildConfigurationList = 496AB46E1D911C09004FC203 /* Build configuration list for PBXProject "SynxTest" */;
			compatibilityVersion = "Xcode 3.2";
			developmentRegion = English;
			hasScannedForEncodings = 0;
			knownRegions = (
				en,
				Base,
			);
			mainGroup = 496AB46A1D911C09004FC203;
			productRefGroup = 496AB4741D911C09004FC203 /* Products */;
			projectDirPath = "";
			projectRoot = "";
			targets = (
				496AB4721D911C09004FC203 /* SynxTest */,
			);
		};
/* End PBXProject section */

/* Begin PBXResourcesBuildPhase section */
		496AB4711D911C09004FC203 /* Resources */ = {
			isa = PBXResourcesBuildPhase;
			buildActionMask = 2147483647;
			files = (
				496AB4861D911C09004FC203 /* LaunchScreen.storyboard in Resources */,
				496AB4831D911C09004FC203 /* Assets.xcassets in Resources */,
				496AB4811D911C09004FC203 /* Main.storyboard in Resources */,
			);
			runOnlyForDeploymentPostprocessing = 0;
		};
/* End PBXResourcesBuildPhase section */

/* Begin PBXSourcesBuildPhase section */
		496AB46F1D911C09004FC203 /* Sources */ = {
			isa = PBXSourcesBuildPhase;
			buildActionMask = 2147483647;
			files = (
				496AB47E1D911C09004FC203 /* ViewController.m in Sources */,
				496AB47B1D911C09004FC203 /* AppDelegate.m in Sources */,
				496AB4901D911C92004FC203 /* BaseModel.m in Sources */,
				496AB4781D911C09004FC203 /* main.m in Sources */,
			);
			runOnlyForDeploymentPostprocessing = 0;
		};
/* End PBXSourcesBuildPhase section */

/* Begin PBXVariantGroup section */
		496AB47F1D911C09004FC203 /* Main.storyboard */ = {
			isa = PBXVariantGroup;
			children = (
				496AB4801D911C09004FC203 /* Base */,
			);
			name = Main.storyboard;
			path = .;
			sourceTree = "<group>";
		};
		496AB4841D911C09004FC203 /* LaunchScreen.storyboard */ = {
			isa = PBXVariantGroup;
			children = (
				496AB4851D911C09004FC203 /* Base */,
			);
			name = LaunchScreen.storyboard;
			path = .;
			sourceTree = "<group>";
		};
/* End PBXVariantGroup section */

/* Begin XCBuildConfiguration section */
		496AB4881D911C09004FC203 /* Debug */ = {
			isa = XCBuildConfiguration;
			buildSettings = {
				ALWAYS_SEARCH_USER_PATHS = NO;
				CLANG_CXX_LANGUAGE_STANDARD = "gnu++0x";
				CLANG_CXX_LIBRARY = "libc++";
				CLANG_ENABLE_MODULES = YES;
				CLANG_ENABLE_OBJC_ARC = YES;
				CLANG_WARN_BOOL_CONVERSION = YES;
				CLANG_WARN_CONSTANT_CONVERSION = YES;
				CLANG_WARN_DIRECT_OBJC_ISA_USAGE = YES_ERROR;
				CLANG_WARN_EMPTY_BODY = YES;
				CLANG_WARN_ENUM_CONVERSION = YES;
				CLANG_WARN_INT_CONVERSION = YES;
				CLANG_WARN_OBJC_ROOT_CLASS = YES_ERROR;
				CLANG_WARN_UNREACHABLE_CODE = YES;
				CLANG_WARN__DUPLICATE_METHOD_MATCH = YES;
				"CODE_SIGN_IDENTITY[sdk=iphoneos*]" = "iPhone Developer";
				COPY_PHASE_STRIP = NO;
				DEBUG_INFORMATION_FORMAT = dwarf;
				ENABLE_STRICT_OBJC_MSGSEND = YES;
				ENABLE_TESTABILITY = YES;
				GCC_C_LANGUAGE_STANDARD = gnu99;
				GCC_DYNAMIC_NO_PIC = NO;
				GCC_NO_COMMON_BLOCKS = YES;
				GCC_OPTIMIZATION_LEVEL = 0;
				GCC_PREPROCESSOR_DEFINITIONS = (
					"DEBUG=1",
					"$(inherited)",
				);
				GCC_WARN_64_TO_32_BIT_CONVERSION = YES;
				GCC_WARN_ABOUT_RETURN_TYPE = YES_ERROR;
				GCC_WARN_UNDECLARED_SELECTOR = YES;
				GCC_WARN_UNINITIALIZED_AUTOS = YES_AGGRESSIVE;
				GCC_WARN_UNUSED_FUNCTION = YES;
				GCC_WARN_UNUSED_VARIABLE = YES;
				IPHONEOS_DEPLOYMENT_TARGET = 9.1;
				MTL_ENABLE_DEBUG_INFO = YES;
				ONLY_ACTIVE_ARCH = YES;
				SDKROOT = iphoneos;
			};
			name = Debug;
		};
		496AB4891D911C09004FC203 /* Release */ = {
			isa = XCBuildConfiguration;
			buildSettings = {
				ALWAYS_SEARCH_USER_PATHS = NO;
				CLANG_CXX_LANGUAGE_STANDARD = "gnu++0x";
				CLANG_CXX_LIBRARY = "libc++";
				CLANG_ENABLE_MODULES = YES;
				CLANG_ENABLE_OBJC_ARC = YES;
				CLANG_WARN_BOOL_CONVERSION = YES;
				CLANG_WARN_CONSTANT_CONVERSION = YES;
				CLANG_WARN_DIRECT_OBJC_ISA_USAGE = YES_ERROR;
				CLANG_WARN_EMPTY_BODY = YES;
				CLANG_WARN_ENUM_CONVERSION = YES;
				CLANG_WARN_INT_CONVERSION = YES;
				CLANG_WARN_OBJC_ROOT_CLASS = YES_ERROR;
				CLANG_WARN_UNREACHABLE_CODE = YES;
				CLANG_WARN__DUPLICATE_METHOD_MATCH = YES;
				"CODE_SIGN_IDENTITY[sdk=iphoneos*]" = "iPhone Developer";
				COPY_PHASE_STRIP = NO;
				DEBUG_INFORMATION_FORMAT = "dwarf-with-dsym";
				ENABLE_NS_ASSERTIONS = NO;
				ENABLE_STRICT_OBJC_MSGSEND = YES;
				GCC_C_LANGUAGE_STANDARD = gnu99;
				GCC_NO_COMMON_BLOCKS = YES;
				GCC_WARN_64_TO_32_BIT_CONVERSION = YES;
				GCC_WARN_ABOUT_RETURN_TYPE = YES_ERROR;
				GCC_WARN_UNDECLARED_SELECTOR = YES;
				GCC_WARN_UNINITIALIZED_AUTOS = YES_AGGRESSIVE;
				GCC_WARN_UNUSED_FUNCTION = YES;
				GCC_WARN_UNUSED_VARIABLE = YES;
				IPHONEOS_DEPLOYMENT_TARGET = 9.1;
				MTL_ENABLE_DEBUG_INFO = NO;
				SDKROOT = iphoneos;
				VALIDATE_PRODUCT = YES;
			};
			name = Release;
		};
		496AB48B1D911C09004FC203 /* Debug */ = {
			isa = XCBuildConfiguration;
			buildSettings = {
				ASSETCATALOG_COMPILER_APPICON_NAME = AppIcon;
				INFOPLIST_FILE = SynxTest/Info.plist;
				LD_RUNPATH_SEARCH_PATHS = "$(inherited) @executable_path/Frameworks";
				PRODUCT_BUNDLE_IDENTIFIER = com.lanou3g.SynxTest;
				PRODUCT_NAME = "$(TARGET_NAME)";
			};
			name = Debug;
		};
		496AB48C1D911C09004FC203 /* Release */ = {
			isa = XCBuildConfiguration;
			buildSettings = {
				ASSETCATALOG_COMPILER_APPICON_NAME = AppIcon;
				INFOPLIST_FILE = SynxTest/Info.plist;
				LD_RUNPATH_SEARCH_PATHS = "$(inherited) @executable_path/Frameworks";
				PRODUCT_BUNDLE_IDENTIFIER = com.lanou3g.SynxTest;
				PRODUCT_NAME = "$(TARGET_NAME)";
			};
			name = Release;
		};
/* End XCBuildConfiguration section */

/* Begin XCConfigurationList section */
		496AB46E1D911C09004FC203 /* Build configuration list for PBXProject "SynxTest" */ = {
			isa = XCConfigurationList;
			buildConfigurations = (
				496AB4881D911C09004FC203 /* Debug */,
				496AB4891D911C09004FC203 /* Release */,
			);
			defaultConfigurationIsVisible = 0;
			defaultConfigurationName = Release;
		};
		496AB48A1D911C09004FC203 /* Build configuration list for PBXNativeTarget "SynxTest" */ = {
			isa = XCConfigurationList;
			buildConfigurations = (
				496AB48B1D911C09004FC203 /* Debug */,
				496AB48C1D911C09004FC203 /* Release */,
			);
			defaultConfigurationIsVisible = 0;
			defaultConfigurationName = Release;
		};
/* End XCConfigurationList section */
	};
	rootObject = 496AB46B1D911C09004FC203 /* Project object */;
}
